// !$*UTF8*$!
{
	archiveVersion = 1;
	classes = {
	};
	objectVersion = 55;
	objects = {

/* Begin PBXBuildFile section */
		706ECBB2286E8CB900DEE6A7 /* AppDelegate.swift in Sources */ = {isa = PBXBuildFile; fileRef = 706ECBB1286E8CB900DEE6A7 /* AppDelegate.swift */; };
		706ECBB4286E8CB900DEE6A7 /* SceneDelegate.swift in Sources */ = {isa = PBXBuildFile; fileRef = 706ECBB3286E8CB900DEE6A7 /* SceneDelegate.swift */; };
		706ECBB6286E8CB900DEE6A7 /* ViewController.swift in Sources */ = {isa = PBXBuildFile; fileRef = 706ECBB5286E8CB900DEE6A7 /* ViewController.swift */; };
		706ECBB9286E8CB900DEE6A7 /* Main.storyboard in Resources */ = {isa = PBXBuildFile; fileRef = 706ECBB7286E8CB900DEE6A7 /* Main.storyboard */; };
		706ECBBB286E8CBC00DEE6A7 /* Assets.xcassets in Resources */ = {isa = PBXBuildFile; fileRef = 706ECBBA286E8CBC00DEE6A7 /* Assets.xcassets */; };
		706ECBBE286E8CBC00DEE6A7 /* LaunchScreen.storyboard in Resources */ = {isa = PBXBuildFile; fileRef = 706ECBBC286E8CBC00DEE6A7 /* LaunchScreen.storyboard */; };
		706ECBC9286E8CBC00DEE6A7 /* UnitTestPRTests.swift in Sources */ = {isa = PBXBuildFile; fileRef = 706ECBC8286E8CBC00DEE6A7 /* UnitTestPRTests.swift */; };
		706ECBD3286E8CBC00DEE6A7 /* UnitTestPRUITests.swift in Sources */ = {isa = PBXBuildFile; fileRef = 706ECBD2286E8CBC00DEE6A7 /* UnitTestPRUITests.swift */; };
		706ECBD5286E8CBC00DEE6A7 /* UnitTestPRUITestsLaunchTests.swift in Sources */ = {isa = PBXBuildFile; fileRef = 706ECBD4286E8CBC00DEE6A7 /* UnitTestPRUITestsLaunchTests.swift */; };
/* End PBXBuildFile section */

/* Begin PBXContainerItemProxy section */
		706ECBC5286E8CBC00DEE6A7 /* PBXContainerItemProxy */ = {
			isa = PBXContainerItemProxy;
			containerPortal = 706ECBA6286E8CB900DEE6A7 /* Project object */;
			proxyType = 1;
			remoteGlobalIDString = 706ECBAD286E8CB900DEE6A7;
			remoteInfo = UnitTestPR;
		};
		706ECBCF286E8CBC00DEE6A7 /* PBXContainerItemProxy */ = {
			isa = PBXContainerItemProxy;
			containerPortal = 706ECBA6286E8CB900DEE6A7 /* Project object */;
			proxyType = 1;
			remoteGlobalIDString = 706ECBAD286E8CB900DEE6A7;
			remoteInfo = UnitTestPR;
		};
/* End PBXContainerItemProxy section */

/* Begin PBXFileReference section */
		706ECBAE286E8CB900DEE6A7 /* UnitTestPR.app */ = {isa = PBXFileReference; explicitFileType = wrapper.application; includeInIndex = 0; path = UnitTestPR.app; sourceTree = BUILT_PRODUCTS_DIR; };
		706ECBB1286E8CB900DEE6A7 /* AppDelegate.swift */ = {isa = PBXFileReference; lastKnownFileType = sourcecode.swift; path = AppDelegate.swift; sourceTree = "<group>"; };
		706ECBB3286E8CB900DEE6A7 /* SceneDelegate.swift */ = {isa = PBXFileReference; lastKnownFileType = sourcecode.swift; path = SceneDelegate.swift; sourceTree = "<group>"; };
		706ECBB5286E8CB900DEE6A7 /* ViewController.swift */ = {isa = PBXFileReference; lastKnownFileType = sourcecode.swift; path = ViewController.swift; sourceTree = "<group>"; };
		706ECBB8286E8CB900DEE6A7 /* Base */ = {isa = PBXFileReference; lastKnownFileType = file.storyboard; name = Base; path = Base.lproj/Main.storyboard; sourceTree = "<group>"; };
		706ECBBA286E8CBC00DEE6A7 /* Assets.xcassets */ = {isa = PBXFileReference; lastKnownFileType = folder.assetcatalog; path = Assets.xcassets; sourceTree = "<group>"; };
		706ECBBD286E8CBC00DEE6A7 /* Base */ = {isa = PBXFileReference; lastKnownFileType = file.storyboard; name = Base; path = Base.lproj/LaunchScreen.storyboard; sourceTree = "<group>"; };
		706ECBBF286E8CBC00DEE6A7 /* Info.plist */ = {isa = PBXFileReference; lastKnownFileType = text.plist.xml; path = Info.plist; sourceTree = "<group>"; };
		706ECBC4286E8CBC00DEE6A7 /* UnitTestPRTests.xctest */ = {isa = PBXFileReference; explicitFileType = wrapper.cfbundle; includeInIndex = 0; path = UnitTestPRTests.xctest; sourceTree = BUILT_PRODUCTS_DIR; };
		706ECBC8286E8CBC00DEE6A7 /* UnitTestPRTests.swift */ = {isa = PBXFileReference; lastKnownFileType = sourcecode.swift; path = UnitTestPRTests.swift; sourceTree = "<group>"; };
		706ECBCE286E8CBC00DEE6A7 /* UnitTestPRUITests.xctest */ = {isa = PBXFileReference; explicitFileType = wrapper.cfbundle; includeInIndex = 0; path = UnitTestPRUITests.xctest; sourceTree = BUILT_PRODUCTS_DIR; };
		706ECBD2286E8CBC00DEE6A7 /* UnitTestPRUITests.swift */ = {isa = PBXFileReference; lastKnownFileType = sourcecode.swift; path = UnitTestPRUITests.swift; sourceTree = "<group>"; };
		706ECBD4286E8CBC00DEE6A7 /* UnitTestPRUITestsLaunchTests.swift */ = {isa = PBXFileReference; lastKnownFileType = sourcecode.swift; path = UnitTestPRUITestsLaunchTests.swift; sourceTree = "<group>"; };
/* End PBXFileReference section */

/* Begin PBXFrameworksBuildPhase section */
		706ECBAB286E8CB900DEE6A7 /* Frameworks */ = {
			isa = PBXFrameworksBuildPhase;
			buildActionMask = 2147483647;
			files = (
			);
			runOnlyForDeploymentPostprocessing = 0;
		};
		706ECBC1286E8CBC00DEE6A7 /* Frameworks */ = {
			isa = PBXFrameworksBuildPhase;
			buildActionMask = 2147483647;
			files = (
			);
			runOnlyForDeploymentPostprocessing = 0;
		};
		706ECBCB286E8CBC00DEE6A7 /* Frameworks */ = {
			isa = PBXFrameworksBuildPhase;
			buildActionMask = 2147483647;
			files = (
			);
			runOnlyForDeploymentPostprocessing = 0;
		};
/* End PBXFrameworksBuildPhase section */

/* Begin PBXGroup section */
		706ECBA5286E8CB900DEE6A7 = {
			isa = PBXGroup;
			children = (
				706ECBB0286E8CB900DEE6A7 /* UnitTestPR */,
				706ECBC7286E8CBC00DEE6A7 /* UnitTestPRTests */,
				706ECBD1286E8CBC00DEE6A7 /* UnitTestPRUITests */,
				706ECBAF286E8CB900DEE6A7 /* Products */,
			);
			sourceTree = "<group>";
		};
		706ECBAF286E8CB900DEE6A7 /* Products */ = {
			isa = PBXGroup;
			children = (
				706ECBAE286E8CB900DEE6A7 /* UnitTestPR.app */,
				706ECBC4286E8CBC00DEE6A7 /* UnitTestPRTests.xctest */,
				706ECBCE286E8CBC00DEE6A7 /* UnitTestPRUITests.xctest */,
			);
			name = Products;
			sourceTree = "<group>";
		};
		706ECBB0286E8CB900DEE6A7 /* UnitTestPR */ = {
			isa = PBXGroup;
			children = (
				706ECBB1286E8CB900DEE6A7 /* AppDelegate.swift */,
				706ECBB3286E8CB900DEE6A7 /* SceneDelegate.swift */,
				706ECBB5286E8CB900DEE6A7 /* ViewController.swift */,
				706ECBB7286E8CB900DEE6A7 /* Main.storyboard */,
				706ECBBA286E8CBC00DEE6A7 /* Assets.xcassets */,
				706ECBBC286E8CBC00DEE6A7 /* LaunchScreen.storyboard */,
				706ECBBF286E8CBC00DEE6A7 /* Info.plist */,
			);
			path = UnitTestPR;
			sourceTree = "<group>";
		};
		706ECBC7286E8CBC00DEE6A7 /* UnitTestPRTests */ = {
			isa = PBXGroup;
			children = (
				706ECBC8286E8CBC00DEE6A7 /* UnitTestPRTests.swift */,
			);
			path = UnitTestPRTests;
			sourceTree = "<group>";
		};
		706ECBD1286E8CBC00DEE6A7 /* UnitTestPRUITests */ = {
			isa = PBXGroup;
			children = (
				706ECBD2286E8CBC00DEE6A7 /* UnitTestPRUITests.swift */,
				706ECBD4286E8CBC00DEE6A7 /* UnitTestPRUITestsLaunchTests.swift */,
			);
			path = UnitTestPRUITests;
			sourceTree = "<group>";
		};
/* End PBXGroup section */

/* Begin PBXNativeTarget section */
		706ECBAD286E8CB900DEE6A7 /* UnitTestPR */ = {
			isa = PBXNativeTarget;
			buildConfigurationList = 706ECBD8286E8CBC00DEE6A7 /* Build configuration list for PBXNativeTarget "UnitTestPR" */;
			buildPhases = (
				706ECBAA286E8CB900DEE6A7 /* Sources */,
				706ECBAB286E8CB900DEE6A7 /* Frameworks */,
				706ECBAC286E8CB900DEE6A7 /* Resources */,
			);
			buildRules = (
			);
			dependencies = (
			);
			name = UnitTestPR;
			productName = UnitTestPR;
			productReference = 706ECBAE286E8CB900DEE6A7 /* UnitTestPR.app */;
			productType = "com.apple.product-type.application";
		};
		706ECBC3286E8CBC00DEE6A7 /* UnitTestPRTests */ = {
			isa = PBXNativeTarget;
			buildConfigurationList = 706ECBDB286E8CBC00DEE6A7 /* Build configuration list for PBXNativeTarget "UnitTestPRTests" */;
			buildPhases = (
				706ECBC0286E8CBC00DEE6A7 /* Sources */,
				706ECBC1286E8CBC00DEE6A7 /* Frameworks */,
				706ECBC2286E8CBC00DEE6A7 /* Resources */,
			);
			buildRules = (
			);
			dependencies = (
				706ECBC6286E8CBC00DEE6A7 /* PBXTargetDependency */,
			);
			name = UnitTestPRTests;
			productName = UnitTestPRTests;
			productReference = 706ECBC4286E8CBC00DEE6A7 /* UnitTestPRTests.xctest */;
			productType = "com.apple.product-type.bundle.unit-test";
		};
		706ECBCD286E8CBC00DEE6A7 /* UnitTestPRUITests */ = {
			isa = PBXNativeTarget;
			buildConfigurationList = 706ECBDE286E8CBC00DEE6A7 /* Build configuration list for PBXNativeTarget "UnitTestPRUITests" */;
			buildPhases = (
				706ECBCA286E8CBC00DEE6A7 /* Sources */,
				706ECBCB286E8CBC00DEE6A7 /* Frameworks */,
				706ECBCC286E8CBC00DEE6A7 /* Resources */,
			);
			buildRules = (
			);
			dependencies = (
				706ECBD0286E8CBC00DEE6A7 /* PBXTargetDependency */,
			);
			name = UnitTestPRUITests;
			productName = UnitTestPRUITests;
			productReference = 706ECBCE286E8CBC00DEE6A7 /* UnitTestPRUITests.xctest */;
			productType = "com.apple.product-type.bundle.ui-testing";
		};
/* End PBXNativeTarget section */

/* Begin PBXProject section */
		706ECBA6286E8CB900DEE6A7 /* Project object */ = {
			isa = PBXProject;
			attributes = {
				BuildIndependentTargetsInParallel = 1;
				LastSwiftUpdateCheck = 1330;
				LastUpgradeCheck = 1330;
				TargetAttributes = {
					706ECBAD286E8CB900DEE6A7 = {
						CreatedOnToolsVersion = 13.3.1;
					};
					706ECBC3286E8CBC00DEE6A7 = {
						CreatedOnToolsVersion = 13.3.1;
						TestTargetID = 706ECBAD286E8CB900DEE6A7;
					};
					706ECBCD286E8CBC00DEE6A7 = {
						CreatedOnToolsVersion = 13.3.1;
						TestTargetID = 706ECBAD286E8CB900DEE6A7;
					};
				};
			};
			buildConfigurationList = 706ECBA9286E8CB900DEE6A7 /* Build configuration list for PBXProject "UnitTestPR" */;
			compatibilityVersion = "Xcode 13.0";
			developmentRegion = en;
			hasScannedForEncodings = 0;
			knownRegions = (
				en,
				Base,
			);
			mainGroup = 706ECBA5286E8CB900DEE6A7;
			productRefGroup = 706ECBAF286E8CB900DEE6A7 /* Products */;
			projectDirPath = "";
			projectRoot = "";
			targets = (
				706ECBAD286E8CB900DEE6A7 /* UnitTestPR */,
				706ECBC3286E8CBC00DEE6A7 /* UnitTestPRTests */,
				706ECBCD286E8CBC00DEE6A7 /* UnitTestPRUITests */,
			);
		};
/* End PBXProject section */

/* Begin PBXResourcesBuildPhase section */
		706ECBAC286E8CB900DEE6A7 /* Resources */ = {
			isa = PBXResourcesBuildPhase;
			buildActionMask = 2147483647;
			files = (
				706ECBBE286E8CBC00DEE6A7 /* LaunchScreen.storyboard in Resources */,
				706ECBBB286E8CBC00DEE6A7 /* Assets.xcassets in Resources */,
				706ECBB9286E8CB900DEE6A7 /* Main.storyboard in Resources */,
			);
			runOnlyForDeploymentPostprocessing = 0;
		};
		706ECBC2286E8CBC00DEE6A7 /* Resources */ = {
			isa = PBXResourcesBuildPhase;
			buildActionMask = 2147483647;
			files = (
			);
			runOnlyForDeploymentPostprocessing = 0;
		};
		706ECBCC286E8CBC00DEE6A7 /* Resources */ = {
			isa = PBXResourcesBuildPhase;
			buildActionMask = 2147483647;
			files = (
			);
			runOnlyForDeploymentPostprocessing = 0;
		};
/* End PBXResourcesBuildPhase section */

/* Begin PBXSourcesBuildPhase section */
		706ECBAA286E8CB900DEE6A7 /* Sources */ = {
			isa = PBXSourcesBuildPhase;
			buildActionMask = 2147483647;
			files = (
				706ECBB6286E8CB900DEE6A7 /* ViewController.swift in Sources */,
				706ECBB2286E8CB900DEE6A7 /* AppDelegate.swift in Sources */,
				706ECBB4286E8CB900DEE6A7 /* SceneDelegate.swift in Sources */,
			);
			runOnlyForDeploymentPostprocessing = 0;
		};
		706ECBC0286E8CBC00DEE6A7 /* Sources */ = {
			isa = PBXSourcesBuildPhase;
			buildActionMask = 2147483647;
			files = (
				706ECBC9286E8CBC00DEE6A7 /* UnitTestPRTests.swift in Sources */,
			);
			runOnlyForDeploymentPostprocessing = 0;
		};
		706ECBCA286E8CBC00DEE6A7 /* Sources */ = {
			isa = PBXSourcesBuildPhase;
			buildActionMask = 2147483647;
			files = (
				706ECBD5286E8CBC00DEE6A7 /* UnitTestPRUITestsLaunchTests.swift in Sources */,
				706ECBD3286E8CBC00DEE6A7 /* UnitTestPRUITests.swift in Sources */,
			);
			runOnlyForDeploymentPostprocessing = 0;
		};
/* End PBXSourcesBuildPhase section */

/* Begin PBXTargetDependency section */
		706ECBC6286E8CBC00DEE6A7 /* PBXTargetDependency */ = {
			isa = PBXTargetDependency;
			target = 706ECBAD286E8CB900DEE6A7 /* UnitTestPR */;
			targetProxy = 706ECBC5286E8CBC00DEE6A7 /* PBXContainerItemProxy */;
		};
		706ECBD0286E8CBC00DEE6A7 /* PBXTargetDependency */ = {
			isa = PBXTargetDependency;
			target = 706ECBAD286E8CB900DEE6A7 /* UnitTestPR */;
			targetProxy = 706ECBCF286E8CBC00DEE6A7 /* PBXContainerItemProxy */;
		};
/* End PBXTargetDependency section */

/* Begin PBXVariantGroup section */
		706ECBB7286E8CB900DEE6A7 /* Main.storyboard */ = {
			isa = PBXVariantGroup;
			children = (
				706ECBB8286E8CB900DEE6A7 /* Base */,
			);
			name = Main.storyboard;
			sourceTree = "<group>";
		};
		706ECBBC286E8CBC00DEE6A7 /* LaunchScreen.storyboard */ = {
			isa = PBXVariantGroup;
			children = (
				706ECBBD286E8CBC00DEE6A7 /* Base */,
			);
			name = LaunchScreen.storyboard;
			sourceTree = "<group>";
		};
/* End PBXVariantGroup section */

/* Begin XCBuildConfiguration section */
		706ECBD6286E8CBC00DEE6A7 /* Debug */ = {
			isa = XCBuildConfiguration;
			buildSettings = {
				ALWAYS_SEARCH_USER_PATHS = NO;
				CLANG_ANALYZER_NONNULL = YES;
				CLANG_ANALYZER_NUMBER_OBJECT_CONVERSION = YES_AGGRESSIVE;
				CLANG_CXX_LANGUAGE_STANDARD = "gnu++17";
				CLANG_ENABLE_MODULES = YES;
				CLANG_ENABLE_OBJC_ARC = YES;
				CLANG_ENABLE_OBJC_WEAK = YES;
				CLANG_WARN_BLOCK_CAPTURE_AUTORELEASING = YES;
				CLANG_WARN_BOOL_CONVERSION = YES;
				CLANG_WARN_COMMA = YES;
				CLANG_WARN_CONSTANT_CONVERSION = YES;
				CLANG_WARN_DEPRECATED_OBJC_IMPLEMENTATIONS = YES;
				CLANG_WARN_DIRECT_OBJC_ISA_USAGE = YES_ERROR;
				CLANG_WARN_DOCUMENTATION_COMMENTS = YES;
				CLANG_WARN_EMPTY_BODY = YES;
				CLANG_WARN_ENUM_CONVERSION = YES;
				CLANG_WARN_INFINITE_RECURSION = YES;
				CLANG_WARN_INT_CONVERSION = YES;
				CLANG_WARN_NON_LITERAL_NULL_CONVERSION = YES;
				CLANG_WARN_OBJC_IMPLICIT_RETAIN_SELF = YES;
				CLANG_WARN_OBJC_LITERAL_CONVERSION = YES;
				CLANG_WARN_OBJC_ROOT_CLASS = YES_ERROR;
				CLANG_WARN_QUOTED_INCLUDE_IN_FRAMEWORK_HEADER = YES;
				CLANG_WARN_RANGE_LOOP_ANALYSIS = YES;
				CLANG_WARN_STRICT_PROTOTYPES = YES;
				CLANG_WARN_SUSPICIOUS_MOVE = YES;
				CLANG_WARN_UNGUARDED_AVAILABILITY = YES_AGGRESSIVE;
				CLANG_WARN_UNREACHABLE_CODE = YES;
				CLANG_WARN__DUPLICATE_METHOD_MATCH = YES;
				COPY_PHASE_STRIP = NO;
				DEBUG_INFORMATION_FORMAT = dwarf;
				ENABLE_STRICT_OBJC_MSGSEND = YES;
				ENABLE_TESTABILITY = YES;
				GCC_C_LANGUAGE_STANDARD = gnu11;
				GCC_DYNAMIC_NO_PIC = NO;
				GCC_NO_COMMON_BLOCKS = YES;
				GCC_OPTIMIZATION_LEVEL = 0;
				GCC_PREPROCESSOR_DEFINITIONS = (
					"DEBUG=1",
					"$(inherited)",
				);
				GCC_WARN_64_TO_32_BIT_CONVERSION = YES;
				GCC_WARN_ABOUT_RETURN_TYPE = YES_ERROR;
				GCC_WARN_UNDECLARED_SELECTOR = YES;
				GCC_WARN_UNINITIALIZED_AUTOS = YES_AGGRESSIVE;
				GCC_WARN_UNUSED_FUNCTION = YES;
				GCC_WARN_UNUSED_VARIABLE = YES;
				IPHONEOS_DEPLOYMENT_TARGET = 15.4;
				MTL_ENABLE_DEBUG_INFO = INCLUDE_SOURCE;
				MTL_FAST_MATH = YES;
				ONLY_ACTIVE_ARCH = YES;
				SDKROOT = iphoneos;
				SWIFT_ACTIVE_COMPILATION_CONDITIONS = DEBUG;
				SWIFT_OPTIMIZATION_LEVEL = "-Onone";
			};
			name = Debug;
		};
		706ECBD7286E8CBC00DEE6A7 /* Release */ = {
			isa = XCBuildConfiguration;
			buildSettings = {
				ALWAYS_SEARCH_USER_PATHS = NO;
				CLANG_ANALYZER_NONNULL = YES;
				CLANG_ANALYZER_NUMBER_OBJECT_CONVERSION = YES_AGGRESSIVE;
				CLANG_CXX_LANGUAGE_STANDARD = "gnu++17";
				CLANG_ENABLE_MODULES = YES;
				CLANG_ENABLE_OBJC_ARC = YES;
				CLANG_ENABLE_OBJC_WEAK = YES;
				CLANG_WARN_BLOCK_CAPTURE_AUTORELEASING = YES;
				CLANG_WARN_BOOL_CONVERSION = YES;
				CLANG_WARN_COMMA = YES;
				CLANG_WARN_CONSTANT_CONVERSION = YES;
				CLANG_WARN_DEPRECATED_OBJC_IMPLEMENTATIONS = YES;
				CLANG_WARN_DIRECT_OBJC_ISA_USAGE = YES_ERROR;
				CLANG_WARN_DOCUMENTATION_COMMENTS = YES;
				CLANG_WARN_EMPTY_BODY = YES;
				CLANG_WARN_ENUM_CONVERSION = YES;
				CLANG_WARN_INFINITE_RECURSION = YES;
				CLANG_WARN_INT_CONVERSION = YES;
				CLANG_WARN_NON_LITERAL_NULL_CONVERSION = YES;
				CLANG_WARN_OBJC_IMPLICIT_RETAIN_SELF = YES;
				CLANG_WARN_OBJC_LITERAL_CONVERSION = YES;
				CLANG_WARN_OBJC_ROOT_CLASS = YES_ERROR;
				CLANG_WARN_QUOTED_INCLUDE_IN_FRAMEWORK_HEADER = YES;
				CLANG_WARN_RANGE_LOOP_ANALYSIS = YES;
				CLANG_WARN_STRICT_PROTOTYPES = YES;
				CLANG_WARN_SUSPICIOUS_MOVE = YES;
				CLANG_WARN_UNGUARDED_AVAILABILITY = YES_AGGRESSIVE;
				CLANG_WARN_UNREACHABLE_CODE = YES;
				CLANG_WARN__DUPLICATE_METHOD_MATCH = YES;
				COPY_PHASE_STRIP = NO;
				DEBUG_INFORMATION_FORMAT = "dwarf-with-dsym";
				ENABLE_NS_ASSERTIONS = NO;
				ENABLE_STRICT_OBJC_MSGSEND = YES;
				GCC_C_LANGUAGE_STANDARD = gnu11;
				GCC_NO_COMMON_BLOCKS = YES;
				GCC_WARN_64_TO_32_BIT_CONVERSION = YES;
				GCC_WARN_ABOUT_RETURN_TYPE = YES_ERROR;
				GCC_WARN_UNDECLARED_SELECTOR = YES;
				GCC_WARN_UNINITIALIZED_AUTOS = YES_AGGRESSIVE;
				GCC_WARN_UNUSED_FUNCTION = YES;
				GCC_WARN_UNUSED_VARIABLE = YES;
				IPHONEOS_DEPLOYMENT_TARGET = 15.4;
				MTL_ENABLE_DEBUG_INFO = NO;
				MTL_FAST_MATH = YES;
				SDKROOT = iphoneos;
				SWIFT_COMPILATION_MODE = wholemodule;
				SWIFT_OPTIMIZATION_LEVEL = "-O";
				VALIDATE_PRODUCT = YES;
			};
			name = Release;
		};
		706ECBD9286E8CBC00DEE6A7 /* Debug */ = {
			isa = XCBuildConfiguration;
			buildSettings = {
				ASSETCATALOG_COMPILER_APPICON_NAME = AppIcon;
				ASSETCATALOG_COMPILER_GLOBAL_ACCENT_COLOR_NAME = AccentColor;
				CODE_SIGN_STYLE = Automatic;
				CURRENT_PROJECT_VERSION = 1;
				GENERATE_INFOPLIST_FILE = YES;
				INFOPLIST_FILE = UnitTestPR/Info.plist;
				INFOPLIST_KEY_UIApplicationSupportsIndirectInputEvents = YES;
				INFOPLIST_KEY_UILaunchStoryboardName = LaunchScreen;
				INFOPLIST_KEY_UIMainStoryboardFile = Main;
				INFOPLIST_KEY_UISupportedInterfaceOrientations_iPad = "UIInterfaceOrientationPortrait UIInterfaceOrientationPortraitUpsideDown UIInterfaceOrientationLandscapeLeft UIInterfaceOrientationLandscapeRight";
				INFOPLIST_KEY_UISupportedInterfaceOrientations_iPhone = "UIInterfaceOrientationPortrait UIInterfaceOrientationLandscapeLeft UIInterfaceOrientationLandscapeRight";
				LD_RUNPATH_SEARCH_PATHS = (
					"$(inherited)",
					"@executable_path/Frameworks",
				);
				MARKETING_VERSION = 1.0;
				PRODUCT_BUNDLE_IDENTIFIER = com.Jun.UnitTestPR;
				PRODUCT_NAME = "$(TARGET_NAME)";
				SWIFT_EMIT_LOC_STRINGS = YES;
				SWIFT_VERSION = 5.0;
				TARGETED_DEVICE_FAMILY = "1,2";
			};
			name = Debug;
		};
		706ECBDA286E8CBC00DEE6A7 /* Release */ = {
			isa = XCBuildConfiguration;
			buildSettings = {
				ASSETCATALOG_COMPILER_APPICON_NAME = AppIcon;
				ASSETCATALOG_COMPILER_GLOBAL_ACCENT_COLOR_NAME = AccentColor;
				CODE_SIGN_STYLE = Automatic;
				CURRENT_PROJECT_VERSION = 1;
				GENERATE_INFOPLIST_FILE = YES;
				INFOPLIST_FILE = UnitTestPR/Info.plist;
				INFOPLIST_KEY_UIApplicationSupportsIndirectInputEvents = YES;
				INFOPLIST_KEY_UILaunchStoryboardName = LaunchScreen;
				INFOPLIST_KEY_UIMainStoryboardFile = Main;
				INFOPLIST_KEY_UISupportedInterfaceOrientations_iPad = "UIInterfaceOrientationPortrait UIInterfaceOrientationPortraitUpsideDown UIInterfaceOrientationLandscapeLeft UIInterfaceOrientationLandscapeRight";
				INFOPLIST_KEY_UISupportedInterfaceOrientations_iPhone = "UIInterfaceOrientationPortrait UIInterfaceOrientationLandscapeLeft UIInterfaceOrientationLandscapeRight";
				LD_RUNPATH_SEARCH_PATHS = (
					"$(inherited)",
					"@executable_path/Frameworks",
				);
				MARKETING_VERSION = 1.0;
				PRODUCT_BUNDLE_IDENTIFIER = com.Jun.UnitTestPR;
				PRODUCT_NAME = "$(TARGET_NAME)";
				SWIFT_EMIT_LOC_STRINGS = YES;
				SWIFT_VERSION = 5.0;
				TARGETED_DEVICE_FAMILY = "1,2";
			};
			name = Release;
		};
		706ECBDC286E8CBC00DEE6A7 /* Debug */ = {
			isa = XCBuildConfiguration;
			buildSettings = {
				ALWAYS_EMBED_SWIFT_STANDARD_LIBRARIES = YES;
				BUNDLE_LOADER = "$(TEST_HOST)";
				CODE_SIGN_STYLE = Automatic;
				CURRENT_PROJECT_VERSION = 1;
				GENERATE_INFOPLIST_FILE = YES;
				IPHONEOS_DEPLOYMENT_TARGET = 15.4;
				MARKETING_VERSION = 1.0;
				PRODUCT_BUNDLE_IDENTIFIER = com.Jun.UnitTestPRTests;
				PRODUCT_NAME = "$(TARGET_NAME)";
				SWIFT_EMIT_LOC_STRINGS = NO;
				SWIFT_VERSION = 5.0;
				TARGETED_DEVICE_FAMILY = "1,2";
				TEST_HOST = "$(BUILT_PRODUCTS_DIR)/UnitTestPR.app/UnitTestPR";
			};
			name = Debug;
		};
		706ECBDD286E8CBC00DEE6A7 /* Release */ = {
			isa = XCBuildConfiguration;
			buildSettings = {
				ALWAYS_EMBED_SWIFT_STANDARD_LIBRARIES = YES;
				BUNDLE_LOADER = "$(TEST_HOST)";
				CODE_SIGN_STYLE = Automatic;
				CURRENT_PROJECT_VERSION = 1;
				GENERATE_INFOPLIST_FILE = YES;
				IPHONEOS_DEPLOYMENT_TARGET = 15.4;
				MARKETING_VERSION = 1.0;
				PRODUCT_BUNDLE_IDENTIFIER = com.Jun.UnitTestPRTests;
				PRODUCT_NAME = "$(TARGET_NAME)";
				SWIFT_EMIT_LOC_STRINGS = NO;
				SWIFT_VERSION = 5.0;
				TARGETED_DEVICE_FAMILY = "1,2";
				TEST_HOST = "$(BUILT_PRODUCTS_DIR)/UnitTestPR.app/UnitTestPR";
			};
			name = Release;
		};
		706ECBDF286E8CBC00DEE6A7 /* Debug */ = {
			isa = XCBuildConfiguration;
			buildSettings = {
				ALWAYS_EMBED_SWIFT_STANDARD_LIBRARIES = YES;
				CODE_SIGN_STYLE = Automatic;
				CURRENT_PROJECT_VERSION = 1;
				GENERATE_INFOPLIST_FILE = YES;
				MARKETING_VERSION = 1.0;
				PRODUCT_BUNDLE_IDENTIFIER = com.Jun.UnitTestPRUITests;
				PRODUCT_NAME = "$(TARGET_NAME)";
				SWIFT_EMIT_LOC_STRINGS = NO;
				SWIFT_VERSION = 5.0;
				TARGETED_DEVICE_FAMILY = "1,2";
				TEST_TARGET_NAME = UnitTestPR;
			};
			name = Debug;
		};
		706ECBE0286E8CBC00DEE6A7 /* Release */ = {
			isa = XCBuildConfiguration;
			buildSettings = {
				ALWAYS_EMBED_SWIFT_STANDARD_LIBRARIES = YES;
				CODE_SIGN_STYLE = Automatic;
				CURRENT_PROJECT_VERSION = 1;
				GENERATE_INFOPLIST_FILE = YES;
				MARKETING_VERSION = 1.0;
				PRODUCT_BUNDLE_IDENTIFIER = com.Jun.UnitTestPRUITests;
				PRODUCT_NAME = "$(TARGET_NAME)";
				SWIFT_EMIT_LOC_STRINGS = NO;
				SWIFT_VERSION = 5.0;
				TARGETED_DEVICE_FAMILY = "1,2";
				TEST_TARGET_NAME = UnitTestPR;
			};
			name = Release;
		};
/* End XCBuildConfiguration section */

/* Begin XCConfigurationList section */
		706ECBA9286E8CB900DEE6A7 /* Build configuration list for PBXProject "UnitTestPR" */ = {
			isa = XCConfigurationList;
			buildConfigurations = (
				706ECBD6286E8CBC00DEE6A7 /* Debug */,
				706ECBD7286E8CBC00DEE6A7 /* Release */,
			);
			defaultConfigurationIsVisible = 0;
			defaultConfigurationName = Release;
		};
		706ECBD8286E8CBC00DEE6A7 /* Build configuration list for PBXNativeTarget "UnitTestPR" */ = {
			isa = XCConfigurationList;
			buildConfigurations = (
				706ECBD9286E8CBC00DEE6A7 /* Debug */,
				706ECBDA286E8CBC00DEE6A7 /* Release */,
			);
			defaultConfigurationIsVisible = 0;
			defaultConfigurationName = Release;
		};
		706ECBDB286E8CBC00DEE6A7 /* Build configuration list for PBXNativeTarget "UnitTestPRTests" */ = {
			isa = XCConfigurationList;
			buildConfigurations = (
				706ECBDC286E8CBC00DEE6A7 /* Debug */,
				706ECBDD286E8CBC00DEE6A7 /* Release */,
			);
			defaultConfigurationIsVisible = 0;
			defaultConfigurationName = Release;
		};
		706ECBDE286E8CBC00DEE6A7 /* Build configuration list for PBXNativeTarget "UnitTestPRUITests" */ = {
			isa = XCConfigurationList;
			buildConfigurations = (
				706ECBDF286E8CBC00DEE6A7 /* Debug */,
				706ECBE0286E8CBC00DEE6A7 /* Release */,
			);
			defaultConfigurationIsVisible = 0;
			defaultConfigurationName = Release;
		};
/* End XCConfigurationList section */
	};
	rootObject = 706ECBA6286E8CB900DEE6A7 /* Project object */;
}
