// !$*UTF8*$!
{
	archiveVersion = 1;
	classes = {
	};
	objectVersion = 55;
	objects = {

/* Begin PBXBuildFile section */
		7078E71628ABAC04003A299F /* AppDelegate.swift in Sources */ = {isa = PBXBuildFile; fileRef = 7078E71528ABAC04003A299F /* AppDelegate.swift */; };
		7078E71828ABAC04003A299F /* SceneDelegate.swift in Sources */ = {isa = PBXBuildFile; fileRef = 7078E71728ABAC04003A299F /* SceneDelegate.swift */; };
		7078E71F28ABAC06003A299F /* Assets.xcassets in Resources */ = {isa = PBXBuildFile; fileRef = 7078E71E28ABAC06003A299F /* Assets.xcassets */; };
		7078E72228ABAC06003A299F /* LaunchScreen.storyboard in Resources */ = {isa = PBXBuildFile; fileRef = 7078E72028ABAC06003A299F /* LaunchScreen.storyboard */; };
		7078E72D28ABAC07003A299F /* DiffableDataSourcePRTests.swift in Sources */ = {isa = PBXBuildFile; fileRef = 7078E72C28ABAC07003A299F /* DiffableDataSourcePRTests.swift */; };
		7078E73728ABAC07003A299F /* DiffableDataSourcePRUITests.swift in Sources */ = {isa = PBXBuildFile; fileRef = 7078E73628ABAC07003A299F /* DiffableDataSourcePRUITests.swift */; };
		7078E73928ABAC07003A299F /* DiffableDataSourcePRUITestsLaunchTests.swift in Sources */ = {isa = PBXBuildFile; fileRef = 7078E73828ABAC07003A299F /* DiffableDataSourcePRUITestsLaunchTests.swift */; };
		7078E74628ABAD1C003A299F /* RootViewController.swift in Sources */ = {isa = PBXBuildFile; fileRef = 7078E74528ABAD1C003A299F /* RootViewController.swift */; };
		7078E74828ABAFA8003A299F /* RootTableViewCell.swift in Sources */ = {isa = PBXBuildFile; fileRef = 7078E74728ABAFA8003A299F /* RootTableViewCell.swift */; };
		7078E74A28AC6CC0003A299F /* RootViewController1.swift in Sources */ = {isa = PBXBuildFile; fileRef = 7078E74928AC6CC0003A299F /* RootViewController1.swift */; };
/* End PBXBuildFile section */

/* Begin PBXContainerItemProxy section */
		7078E72928ABAC07003A299F /* PBXContainerItemProxy */ = {
			isa = PBXContainerItemProxy;
			containerPortal = 7078E70A28ABAC04003A299F /* Project object */;
			proxyType = 1;
			remoteGlobalIDString = 7078E71128ABAC04003A299F;
			remoteInfo = DiffableDataSourcePR;
		};
		7078E73328ABAC07003A299F /* PBXContainerItemProxy */ = {
			isa = PBXContainerItemProxy;
			containerPortal = 7078E70A28ABAC04003A299F /* Project object */;
			proxyType = 1;
			remoteGlobalIDString = 7078E71128ABAC04003A299F;
			remoteInfo = DiffableDataSourcePR;
		};
/* End PBXContainerItemProxy section */

/* Begin PBXFileReference section */
		7078E71228ABAC04003A299F /* DiffableDataSourcePR.app */ = {isa = PBXFileReference; explicitFileType = wrapper.application; includeInIndex = 0; path = DiffableDataSourcePR.app; sourceTree = BUILT_PRODUCTS_DIR; };
		7078E71528ABAC04003A299F /* AppDelegate.swift */ = {isa = PBXFileReference; lastKnownFileType = sourcecode.swift; path = AppDelegate.swift; sourceTree = "<group>"; };
		7078E71728ABAC04003A299F /* SceneDelegate.swift */ = {isa = PBXFileReference; lastKnownFileType = sourcecode.swift; path = SceneDelegate.swift; sourceTree = "<group>"; };
		7078E71E28ABAC06003A299F /* Assets.xcassets */ = {isa = PBXFileReference; lastKnownFileType = folder.assetcatalog; path = Assets.xcassets; sourceTree = "<group>"; };
		7078E72128ABAC06003A299F /* Base */ = {isa = PBXFileReference; lastKnownFileType = file.storyboard; name = Base; path = Base.lproj/LaunchScreen.storyboard; sourceTree = "<group>"; };
		7078E72328ABAC06003A299F /* Info.plist */ = {isa = PBXFileReference; lastKnownFileType = text.plist.xml; path = Info.plist; sourceTree = "<group>"; };
		7078E72828ABAC07003A299F /* DiffableDataSourcePRTests.xctest */ = {isa = PBXFileReference; explicitFileType = wrapper.cfbundle; includeInIndex = 0; path = DiffableDataSourcePRTests.xctest; sourceTree = BUILT_PRODUCTS_DIR; };
		7078E72C28ABAC07003A299F /* DiffableDataSourcePRTests.swift */ = {isa = PBXFileReference; lastKnownFileType = sourcecode.swift; path = DiffableDataSourcePRTests.swift; sourceTree = "<group>"; };
		7078E73228ABAC07003A299F /* DiffableDataSourcePRUITests.xctest */ = {isa = PBXFileReference; explicitFileType = wrapper.cfbundle; includeInIndex = 0; path = DiffableDataSourcePRUITests.xctest; sourceTree = BUILT_PRODUCTS_DIR; };
		7078E73628ABAC07003A299F /* DiffableDataSourcePRUITests.swift */ = {isa = PBXFileReference; lastKnownFileType = sourcecode.swift; path = DiffableDataSourcePRUITests.swift; sourceTree = "<group>"; };
		7078E73828ABAC07003A299F /* DiffableDataSourcePRUITestsLaunchTests.swift */ = {isa = PBXFileReference; lastKnownFileType = sourcecode.swift; path = DiffableDataSourcePRUITestsLaunchTests.swift; sourceTree = "<group>"; };
		7078E74528ABAD1C003A299F /* RootViewController.swift */ = {isa = PBXFileReference; lastKnownFileType = sourcecode.swift; path = RootViewController.swift; sourceTree = "<group>"; };
		7078E74728ABAFA8003A299F /* RootTableViewCell.swift */ = {isa = PBXFileReference; lastKnownFileType = sourcecode.swift; path = RootTableViewCell.swift; sourceTree = "<group>"; };
		7078E74928AC6CC0003A299F /* RootViewController1.swift */ = {isa = PBXFileReference; lastKnownFileType = sourcecode.swift; path = RootViewController1.swift; sourceTree = "<group>"; };
/* End PBXFileReference section */

/* Begin PBXFrameworksBuildPhase section */
		7078E70F28ABAC04003A299F /* Frameworks */ = {
			isa = PBXFrameworksBuildPhase;
			buildActionMask = 2147483647;
			files = (
			);
			runOnlyForDeploymentPostprocessing = 0;
		};
		7078E72528ABAC07003A299F /* Frameworks */ = {
			isa = PBXFrameworksBuildPhase;
			buildActionMask = 2147483647;
			files = (
			);
			runOnlyForDeploymentPostprocessing = 0;
		};
		7078E72F28ABAC07003A299F /* Frameworks */ = {
			isa = PBXFrameworksBuildPhase;
			buildActionMask = 2147483647;
			files = (
			);
			runOnlyForDeploymentPostprocessing = 0;
		};
/* End PBXFrameworksBuildPhase section */

/* Begin PBXGroup section */
		7078E70928ABAC04003A299F = {
			isa = PBXGroup;
			children = (
				7078E71428ABAC04003A299F /* DiffableDataSourcePR */,
				7078E72B28ABAC07003A299F /* DiffableDataSourcePRTests */,
				7078E73528ABAC07003A299F /* DiffableDataSourcePRUITests */,
				7078E71328ABAC04003A299F /* Products */,
			);
			sourceTree = "<group>";
		};
		7078E71328ABAC04003A299F /* Products */ = {
			isa = PBXGroup;
			children = (
				7078E71228ABAC04003A299F /* DiffableDataSourcePR.app */,
				7078E72828ABAC07003A299F /* DiffableDataSourcePRTests.xctest */,
				7078E73228ABAC07003A299F /* DiffableDataSourcePRUITests.xctest */,
			);
			name = Products;
			sourceTree = "<group>";
		};
		7078E71428ABAC04003A299F /* DiffableDataSourcePR */ = {
			isa = PBXGroup;
			children = (
				7078E71528ABAC04003A299F /* AppDelegate.swift */,
				7078E71728ABAC04003A299F /* SceneDelegate.swift */,
				7078E71E28ABAC06003A299F /* Assets.xcassets */,
				7078E72028ABAC06003A299F /* LaunchScreen.storyboard */,
				7078E72328ABAC06003A299F /* Info.plist */,
				7078E74528ABAD1C003A299F /* RootViewController.swift */,
				7078E74728ABAFA8003A299F /* RootTableViewCell.swift */,
				7078E74928AC6CC0003A299F /* RootViewController1.swift */,
			);
			path = DiffableDataSourcePR;
			sourceTree = "<group>";
		};
		7078E72B28ABAC07003A299F /* DiffableDataSourcePRTests */ = {
			isa = PBXGroup;
			children = (
				7078E72C28ABAC07003A299F /* DiffableDataSourcePRTests.swift */,
			);
			path = DiffableDataSourcePRTests;
			sourceTree = "<group>";
		};
		7078E73528ABAC07003A299F /* DiffableDataSourcePRUITests */ = {
			isa = PBXGroup;
			children = (
				7078E73628ABAC07003A299F /* DiffableDataSourcePRUITests.swift */,
				7078E73828ABAC07003A299F /* DiffableDataSourcePRUITestsLaunchTests.swift */,
			);
			path = DiffableDataSourcePRUITests;
			sourceTree = "<group>";
		};
/* End PBXGroup section */

/* Begin PBXNativeTarget section */
		7078E71128ABAC04003A299F /* DiffableDataSourcePR */ = {
			isa = PBXNativeTarget;
			buildConfigurationList = 7078E73C28ABAC07003A299F /* Build configuration list for PBXNativeTarget "DiffableDataSourcePR" */;
			buildPhases = (
				7078E70E28ABAC04003A299F /* Sources */,
				7078E70F28ABAC04003A299F /* Frameworks */,
				7078E71028ABAC04003A299F /* Resources */,
			);
			buildRules = (
			);
			dependencies = (
			);
			name = DiffableDataSourcePR;
			productName = DiffableDataSourcePR;
			productReference = 7078E71228ABAC04003A299F /* DiffableDataSourcePR.app */;
			productType = "com.apple.product-type.application";
		};
		7078E72728ABAC07003A299F /* DiffableDataSourcePRTests */ = {
			isa = PBXNativeTarget;
			buildConfigurationList = 7078E73F28ABAC07003A299F /* Build configuration list for PBXNativeTarget "DiffableDataSourcePRTests" */;
			buildPhases = (
				7078E72428ABAC07003A299F /* Sources */,
				7078E72528ABAC07003A299F /* Frameworks */,
				7078E72628ABAC07003A299F /* Resources */,
			);
			buildRules = (
			);
			dependencies = (
				7078E72A28ABAC07003A299F /* PBXTargetDependency */,
			);
			name = DiffableDataSourcePRTests;
			productName = DiffableDataSourcePRTests;
			productReference = 7078E72828ABAC07003A299F /* DiffableDataSourcePRTests.xctest */;
			productType = "com.apple.product-type.bundle.unit-test";
		};
		7078E73128ABAC07003A299F /* DiffableDataSourcePRUITests */ = {
			isa = PBXNativeTarget;
			buildConfigurationList = 7078E74228ABAC07003A299F /* Build configuration list for PBXNativeTarget "DiffableDataSourcePRUITests" */;
			buildPhases = (
				7078E72E28ABAC07003A299F /* Sources */,
				7078E72F28ABAC07003A299F /* Frameworks */,
				7078E73028ABAC07003A299F /* Resources */,
			);
			buildRules = (
			);
			dependencies = (
				7078E73428ABAC07003A299F /* PBXTargetDependency */,
			);
			name = DiffableDataSourcePRUITests;
			productName = DiffableDataSourcePRUITests;
			productReference = 7078E73228ABAC07003A299F /* DiffableDataSourcePRUITests.xctest */;
			productType = "com.apple.product-type.bundle.ui-testing";
		};
/* End PBXNativeTarget section */

/* Begin PBXProject section */
		7078E70A28ABAC04003A299F /* Project object */ = {
			isa = PBXProject;
			attributes = {
				BuildIndependentTargetsInParallel = 1;
				LastSwiftUpdateCheck = 1330;
				LastUpgradeCheck = 1330;
				TargetAttributes = {
					7078E71128ABAC04003A299F = {
						CreatedOnToolsVersion = 13.3.1;
					};
					7078E72728ABAC07003A299F = {
						CreatedOnToolsVersion = 13.3.1;
						TestTargetID = 7078E71128ABAC04003A299F;
					};
					7078E73128ABAC07003A299F = {
						CreatedOnToolsVersion = 13.3.1;
						TestTargetID = 7078E71128ABAC04003A299F;
					};
				};
			};
			buildConfigurationList = 7078E70D28ABAC04003A299F /* Build configuration list for PBXProject "DiffableDataSourcePR" */;
			compatibilityVersion = "Xcode 13.0";
			developmentRegion = en;
			hasScannedForEncodings = 0;
			knownRegions = (
				en,
				Base,
			);
			mainGroup = 7078E70928ABAC04003A299F;
			productRefGroup = 7078E71328ABAC04003A299F /* Products */;
			projectDirPath = "";
			projectRoot = "";
			targets = (
				7078E71128ABAC04003A299F /* DiffableDataSourcePR */,
				7078E72728ABAC07003A299F /* DiffableDataSourcePRTests */,
				7078E73128ABAC07003A299F /* DiffableDataSourcePRUITests */,
			);
		};
/* End PBXProject section */

/* Begin PBXResourcesBuildPhase section */
		7078E71028ABAC04003A299F /* Resources */ = {
			isa = PBXResourcesBuildPhase;
			buildActionMask = 2147483647;
			files = (
				7078E72228ABAC06003A299F /* LaunchScreen.storyboard in Resources */,
				7078E71F28ABAC06003A299F /* Assets.xcassets in Resources */,
			);
			runOnlyForDeploymentPostprocessing = 0;
		};
		7078E72628ABAC07003A299F /* Resources */ = {
			isa = PBXResourcesBuildPhase;
			buildActionMask = 2147483647;
			files = (
			);
			runOnlyForDeploymentPostprocessing = 0;
		};
		7078E73028ABAC07003A299F /* Resources */ = {
			isa = PBXResourcesBuildPhase;
			buildActionMask = 2147483647;
			files = (
			);
			runOnlyForDeploymentPostprocessing = 0;
		};
/* End PBXResourcesBuildPhase section */

/* Begin PBXSourcesBuildPhase section */
		7078E70E28ABAC04003A299F /* Sources */ = {
			isa = PBXSourcesBuildPhase;
			buildActionMask = 2147483647;
			files = (
				7078E71628ABAC04003A299F /* AppDelegate.swift in Sources */,
				7078E74828ABAFA8003A299F /* RootTableViewCell.swift in Sources */,
				7078E71828ABAC04003A299F /* SceneDelegate.swift in Sources */,
				7078E74A28AC6CC0003A299F /* RootViewController1.swift in Sources */,
				7078E74628ABAD1C003A299F /* RootViewController.swift in Sources */,
			);
			runOnlyForDeploymentPostprocessing = 0;
		};
		7078E72428ABAC07003A299F /* Sources */ = {
			isa = PBXSourcesBuildPhase;
			buildActionMask = 2147483647;
			files = (
				7078E72D28ABAC07003A299F /* DiffableDataSourcePRTests.swift in Sources */,
			);
			runOnlyForDeploymentPostprocessing = 0;
		};
		7078E72E28ABAC07003A299F /* Sources */ = {
			isa = PBXSourcesBuildPhase;
			buildActionMask = 2147483647;
			files = (
				7078E73928ABAC07003A299F /* DiffableDataSourcePRUITestsLaunchTests.swift in Sources */,
				7078E73728ABAC07003A299F /* DiffableDataSourcePRUITests.swift in Sources */,
			);
			runOnlyForDeploymentPostprocessing = 0;
		};
/* End PBXSourcesBuildPhase section */

/* Begin PBXTargetDependency section */
		7078E72A28ABAC07003A299F /* PBXTargetDependency */ = {
			isa = PBXTargetDependency;
			target = 7078E71128ABAC04003A299F /* DiffableDataSourcePR */;
			targetProxy = 7078E72928ABAC07003A299F /* PBXContainerItemProxy */;
		};
		7078E73428ABAC07003A299F /* PBXTargetDependency */ = {
			isa = PBXTargetDependency;
			target = 7078E71128ABAC04003A299F /* DiffableDataSourcePR */;
			targetProxy = 7078E73328ABAC07003A299F /* PBXContainerItemProxy */;
		};
/* End PBXTargetDependency section */

/* Begin PBXVariantGroup section */
		7078E72028ABAC06003A299F /* LaunchScreen.storyboard */ = {
			isa = PBXVariantGroup;
			children = (
				7078E72128ABAC06003A299F /* Base */,
			);
			name = LaunchScreen.storyboard;
			sourceTree = "<group>";
		};
/* End PBXVariantGroup section */

/* Begin XCBuildConfiguration section */
		7078E73A28ABAC07003A299F /* Debug */ = {
			isa = XCBuildConfiguration;
			buildSettings = {
				ALWAYS_SEARCH_USER_PATHS = NO;
				CLANG_ANALYZER_NONNULL = YES;
				CLANG_ANALYZER_NUMBER_OBJECT_CONVERSION = YES_AGGRESSIVE;
				CLANG_CXX_LANGUAGE_STANDARD = "gnu++17";
				CLANG_ENABLE_MODULES = YES;
				CLANG_ENABLE_OBJC_ARC = YES;
				CLANG_ENABLE_OBJC_WEAK = YES;
				CLANG_WARN_BLOCK_CAPTURE_AUTORELEASING = YES;
				CLANG_WARN_BOOL_CONVERSION = YES;
				CLANG_WARN_COMMA = YES;
				CLANG_WARN_CONSTANT_CONVERSION = YES;
				CLANG_WARN_DEPRECATED_OBJC_IMPLEMENTATIONS = YES;
				CLANG_WARN_DIRECT_OBJC_ISA_USAGE = YES_ERROR;
				CLANG_WARN_DOCUMENTATION_COMMENTS = YES;
				CLANG_WARN_EMPTY_BODY = YES;
				CLANG_WARN_ENUM_CONVERSION = YES;
				CLANG_WARN_INFINITE_RECURSION = YES;
				CLANG_WARN_INT_CONVERSION = YES;
				CLANG_WARN_NON_LITERAL_NULL_CONVERSION = YES;
				CLANG_WARN_OBJC_IMPLICIT_RETAIN_SELF = YES;
				CLANG_WARN_OBJC_LITERAL_CONVERSION = YES;
				CLANG_WARN_OBJC_ROOT_CLASS = YES_ERROR;
				CLANG_WARN_QUOTED_INCLUDE_IN_FRAMEWORK_HEADER = YES;
				CLANG_WARN_RANGE_LOOP_ANALYSIS = YES;
				CLANG_WARN_STRICT_PROTOTYPES = YES;
				CLANG_WARN_SUSPICIOUS_MOVE = YES;
				CLANG_WARN_UNGUARDED_AVAILABILITY = YES_AGGRESSIVE;
				CLANG_WARN_UNREACHABLE_CODE = YES;
				CLANG_WARN__DUPLICATE_METHOD_MATCH = YES;
				COPY_PHASE_STRIP = NO;
				DEBUG_INFORMATION_FORMAT = dwarf;
				ENABLE_STRICT_OBJC_MSGSEND = YES;
				ENABLE_TESTABILITY = YES;
				GCC_C_LANGUAGE_STANDARD = gnu11;
				GCC_DYNAMIC_NO_PIC = NO;
				GCC_NO_COMMON_BLOCKS = YES;
				GCC_OPTIMIZATION_LEVEL = 0;
				GCC_PREPROCESSOR_DEFINITIONS = (
					"DEBUG=1",
					"$(inherited)",
				);
				GCC_WARN_64_TO_32_BIT_CONVERSION = YES;
				GCC_WARN_ABOUT_RETURN_TYPE = YES_ERROR;
				GCC_WARN_UNDECLARED_SELECTOR = YES;
				GCC_WARN_UNINITIALIZED_AUTOS = YES_AGGRESSIVE;
				GCC_WARN_UNUSED_FUNCTION = YES;
				GCC_WARN_UNUSED_VARIABLE = YES;
				IPHONEOS_DEPLOYMENT_TARGET = 15.4;
				MTL_ENABLE_DEBUG_INFO = INCLUDE_SOURCE;
				MTL_FAST_MATH = YES;
				ONLY_ACTIVE_ARCH = YES;
				SDKROOT = iphoneos;
				SWIFT_ACTIVE_COMPILATION_CONDITIONS = DEBUG;
				SWIFT_OPTIMIZATION_LEVEL = "-Onone";
			};
			name = Debug;
		};
		7078E73B28ABAC07003A299F /* Release */ = {
			isa = XCBuildConfiguration;
			buildSettings = {
				ALWAYS_SEARCH_USER_PATHS = NO;
				CLANG_ANALYZER_NONNULL = YES;
				CLANG_ANALYZER_NUMBER_OBJECT_CONVERSION = YES_AGGRESSIVE;
				CLANG_CXX_LANGUAGE_STANDARD = "gnu++17";
				CLANG_ENABLE_MODULES = YES;
				CLANG_ENABLE_OBJC_ARC = YES;
				CLANG_ENABLE_OBJC_WEAK = YES;
				CLANG_WARN_BLOCK_CAPTURE_AUTORELEASING = YES;
				CLANG_WARN_BOOL_CONVERSION = YES;
				CLANG_WARN_COMMA = YES;
				CLANG_WARN_CONSTANT_CONVERSION = YES;
				CLANG_WARN_DEPRECATED_OBJC_IMPLEMENTATIONS = YES;
				CLANG_WARN_DIRECT_OBJC_ISA_USAGE = YES_ERROR;
				CLANG_WARN_DOCUMENTATION_COMMENTS = YES;
				CLANG_WARN_EMPTY_BODY = YES;
				CLANG_WARN_ENUM_CONVERSION = YES;
				CLANG_WARN_INFINITE_RECURSION = YES;
				CLANG_WARN_INT_CONVERSION = YES;
				CLANG_WARN_NON_LITERAL_NULL_CONVERSION = YES;
				CLANG_WARN_OBJC_IMPLICIT_RETAIN_SELF = YES;
				CLANG_WARN_OBJC_LITERAL_CONVERSION = YES;
				CLANG_WARN_OBJC_ROOT_CLASS = YES_ERROR;
				CLANG_WARN_QUOTED_INCLUDE_IN_FRAMEWORK_HEADER = YES;
				CLANG_WARN_RANGE_LOOP_ANALYSIS = YES;
				CLANG_WARN_STRICT_PROTOTYPES = YES;
				CLANG_WARN_SUSPICIOUS_MOVE = YES;
				CLANG_WARN_UNGUARDED_AVAILABILITY = YES_AGGRESSIVE;
				CLANG_WARN_UNREACHABLE_CODE = YES;
				CLANG_WARN__DUPLICATE_METHOD_MATCH = YES;
				COPY_PHASE_STRIP = NO;
				DEBUG_INFORMATION_FORMAT = "dwarf-with-dsym";
				ENABLE_NS_ASSERTIONS = NO;
				ENABLE_STRICT_OBJC_MSGSEND = YES;
				GCC_C_LANGUAGE_STANDARD = gnu11;
				GCC_NO_COMMON_BLOCKS = YES;
				GCC_WARN_64_TO_32_BIT_CONVERSION = YES;
				GCC_WARN_ABOUT_RETURN_TYPE = YES_ERROR;
				GCC_WARN_UNDECLARED_SELECTOR = YES;
				GCC_WARN_UNINITIALIZED_AUTOS = YES_AGGRESSIVE;
				GCC_WARN_UNUSED_FUNCTION = YES;
				GCC_WARN_UNUSED_VARIABLE = YES;
				IPHONEOS_DEPLOYMENT_TARGET = 15.4;
				MTL_ENABLE_DEBUG_INFO = NO;
				MTL_FAST_MATH = YES;
				SDKROOT = iphoneos;
				SWIFT_COMPILATION_MODE = wholemodule;
				SWIFT_OPTIMIZATION_LEVEL = "-O";
				VALIDATE_PRODUCT = YES;
			};
			name = Release;
		};
		7078E73D28ABAC07003A299F /* Debug */ = {
			isa = XCBuildConfiguration;
			buildSettings = {
				ASSETCATALOG_COMPILER_APPICON_NAME = AppIcon;
				ASSETCATALOG_COMPILER_GLOBAL_ACCENT_COLOR_NAME = AccentColor;
				CODE_SIGN_STYLE = Automatic;
				CURRENT_PROJECT_VERSION = 1;
				GENERATE_INFOPLIST_FILE = YES;
				INFOPLIST_FILE = DiffableDataSourcePR/Info.plist;
				INFOPLIST_KEY_UIApplicationSupportsIndirectInputEvents = YES;
				INFOPLIST_KEY_UILaunchStoryboardName = LaunchScreen;
				INFOPLIST_KEY_UISupportedInterfaceOrientations_iPad = "UIInterfaceOrientationPortrait UIInterfaceOrientationPortraitUpsideDown UIInterfaceOrientationLandscapeLeft UIInterfaceOrientationLandscapeRight";
				INFOPLIST_KEY_UISupportedInterfaceOrientations_iPhone = "UIInterfaceOrientationPortrait UIInterfaceOrientationLandscapeLeft UIInterfaceOrientationLandscapeRight";
				LD_RUNPATH_SEARCH_PATHS = (
					"$(inherited)",
					"@executable_path/Frameworks",
				);
				MARKETING_VERSION = 1.0;
				PRODUCT_BUNDLE_IDENTIFIER = com.Jun.DiffableDataSourcePR;
				PRODUCT_NAME = "$(TARGET_NAME)";
				SWIFT_EMIT_LOC_STRINGS = YES;
				SWIFT_VERSION = 5.0;
				TARGETED_DEVICE_FAMILY = "1,2";
			};
			name = Debug;
		};
		7078E73E28ABAC07003A299F /* Release */ = {
			isa = XCBuildConfiguration;
			buildSettings = {
				ASSETCATALOG_COMPILER_APPICON_NAME = AppIcon;
				ASSETCATALOG_COMPILER_GLOBAL_ACCENT_COLOR_NAME = AccentColor;
				CODE_SIGN_STYLE = Automatic;
				CURRENT_PROJECT_VERSION = 1;
				GENERATE_INFOPLIST_FILE = YES;
				INFOPLIST_FILE = DiffableDataSourcePR/Info.plist;
				INFOPLIST_KEY_UIApplicationSupportsIndirectInputEvents = YES;
				INFOPLIST_KEY_UILaunchStoryboardName = LaunchScreen;
				INFOPLIST_KEY_UISupportedInterfaceOrientations_iPad = "UIInterfaceOrientationPortrait UIInterfaceOrientationPortraitUpsideDown UIInterfaceOrientationLandscapeLeft UIInterfaceOrientationLandscapeRight";
				INFOPLIST_KEY_UISupportedInterfaceOrientations_iPhone = "UIInterfaceOrientationPortrait UIInterfaceOrientationLandscapeLeft UIInterfaceOrientationLandscapeRight";
				LD_RUNPATH_SEARCH_PATHS = (
					"$(inherited)",
					"@executable_path/Frameworks",
				);
				MARKETING_VERSION = 1.0;
				PRODUCT_BUNDLE_IDENTIFIER = com.Jun.DiffableDataSourcePR;
				PRODUCT_NAME = "$(TARGET_NAME)";
				SWIFT_EMIT_LOC_STRINGS = YES;
				SWIFT_VERSION = 5.0;
				TARGETED_DEVICE_FAMILY = "1,2";
			};
			name = Release;
		};
		7078E74028ABAC07003A299F /* Debug */ = {
			isa = XCBuildConfiguration;
			buildSettings = {
				ALWAYS_EMBED_SWIFT_STANDARD_LIBRARIES = YES;
				BUNDLE_LOADER = "$(TEST_HOST)";
				CODE_SIGN_STYLE = Automatic;
				CURRENT_PROJECT_VERSION = 1;
				GENERATE_INFOPLIST_FILE = YES;
				IPHONEOS_DEPLOYMENT_TARGET = 15.4;
				MARKETING_VERSION = 1.0;
				PRODUCT_BUNDLE_IDENTIFIER = com.Jun.DiffableDataSourcePRTests;
				PRODUCT_NAME = "$(TARGET_NAME)";
				SWIFT_EMIT_LOC_STRINGS = NO;
				SWIFT_VERSION = 5.0;
				TARGETED_DEVICE_FAMILY = "1,2";
				TEST_HOST = "$(BUILT_PRODUCTS_DIR)/DiffableDataSourcePR.app/DiffableDataSourcePR";
			};
			name = Debug;
		};
		7078E74128ABAC07003A299F /* Release */ = {
			isa = XCBuildConfiguration;
			buildSettings = {
				ALWAYS_EMBED_SWIFT_STANDARD_LIBRARIES = YES;
				BUNDLE_LOADER = "$(TEST_HOST)";
				CODE_SIGN_STYLE = Automatic;
				CURRENT_PROJECT_VERSION = 1;
				GENERATE_INFOPLIST_FILE = YES;
				IPHONEOS_DEPLOYMENT_TARGET = 15.4;
				MARKETING_VERSION = 1.0;
				PRODUCT_BUNDLE_IDENTIFIER = com.Jun.DiffableDataSourcePRTests;
				PRODUCT_NAME = "$(TARGET_NAME)";
				SWIFT_EMIT_LOC_STRINGS = NO;
				SWIFT_VERSION = 5.0;
				TARGETED_DEVICE_FAMILY = "1,2";
				TEST_HOST = "$(BUILT_PRODUCTS_DIR)/DiffableDataSourcePR.app/DiffableDataSourcePR";
			};
			name = Release;
		};
		7078E74328ABAC07003A299F /* Debug */ = {
			isa = XCBuildConfiguration;
			buildSettings = {
				ALWAYS_EMBED_SWIFT_STANDARD_LIBRARIES = YES;
				CODE_SIGN_STYLE = Automatic;
				CURRENT_PROJECT_VERSION = 1;
				GENERATE_INFOPLIST_FILE = YES;
				MARKETING_VERSION = 1.0;
				PRODUCT_BUNDLE_IDENTIFIER = com.Jun.DiffableDataSourcePRUITests;
				PRODUCT_NAME = "$(TARGET_NAME)";
				SWIFT_EMIT_LOC_STRINGS = NO;
				SWIFT_VERSION = 5.0;
				TARGETED_DEVICE_FAMILY = "1,2";
				TEST_TARGET_NAME = DiffableDataSourcePR;
			};
			name = Debug;
		};
		7078E74428ABAC07003A299F /* Release */ = {
			isa = XCBuildConfiguration;
			buildSettings = {
				ALWAYS_EMBED_SWIFT_STANDARD_LIBRARIES = YES;
				CODE_SIGN_STYLE = Automatic;
				CURRENT_PROJECT_VERSION = 1;
				GENERATE_INFOPLIST_FILE = YES;
				MARKETING_VERSION = 1.0;
				PRODUCT_BUNDLE_IDENTIFIER = com.Jun.DiffableDataSourcePRUITests;
				PRODUCT_NAME = "$(TARGET_NAME)";
				SWIFT_EMIT_LOC_STRINGS = NO;
				SWIFT_VERSION = 5.0;
				TARGETED_DEVICE_FAMILY = "1,2";
				TEST_TARGET_NAME = DiffableDataSourcePR;
			};
			name = Release;
		};
/* End XCBuildConfiguration section */

/* Begin XCConfigurationList section */
		7078E70D28ABAC04003A299F /* Build configuration list for PBXProject "DiffableDataSourcePR" */ = {
			isa = XCConfigurationList;
			buildConfigurations = (
				7078E73A28ABAC07003A299F /* Debug */,
				7078E73B28ABAC07003A299F /* Release */,
			);
			defaultConfigurationIsVisible = 0;
			defaultConfigurationName = Release;
		};
		7078E73C28ABAC07003A299F /* Build configuration list for PBXNativeTarget "DiffableDataSourcePR" */ = {
			isa = XCConfigurationList;
			buildConfigurations = (
				7078E73D28ABAC07003A299F /* Debug */,
				7078E73E28ABAC07003A299F /* Release */,
			);
			defaultConfigurationIsVisible = 0;
			defaultConfigurationName = Release;
		};
		7078E73F28ABAC07003A299F /* Build configuration list for PBXNativeTarget "DiffableDataSourcePRTests" */ = {
			isa = XCConfigurationList;
			buildConfigurations = (
				7078E74028ABAC07003A299F /* Debug */,
				7078E74128ABAC07003A299F /* Release */,
			);
			defaultConfigurationIsVisible = 0;
			defaultConfigurationName = Release;
		};
		7078E74228ABAC07003A299F /* Build configuration list for PBXNativeTarget "DiffableDataSourcePRUITests" */ = {
			isa = XCConfigurationList;
			buildConfigurations = (
				7078E74328ABAC07003A299F /* Debug */,
				7078E74428ABAC07003A299F /* Release */,
			);
			defaultConfigurationIsVisible = 0;
			defaultConfigurationName = Release;
		};
/* End XCConfigurationList section */
	};
	rootObject = 7078E70A28ABAC04003A299F /* Project object */;
}
